
Microsoft Visual Studio Solution File, Format Version 12.00
# Visual Studio Version 16
VisualStudioVersion = 16.0.30413.136
MinimumVisualStudioVersion = 10.0.40219.1
Project("{8BC9CEB8-8B4A-11D0-8D11-00A0C91BC942}") = "Ex 4", "Ex 4\Ex 4.vcxproj", "{B9C52925-13C3-43BF-8830-D2A5E8C2E748}"
EndProject
Global
	GlobalSection(SolutionConfigurationPlatforms) = preSolution
		Debug|x64 = Debug|x64
		Debug|x86 = Debug|x86
		Release|x64 = Release|x64
		Release|x86 = Release|x86
	EndGlobalSection
	GlobalSection(ProjectConfigurationPlatforms) = postSolution
		{B9C52925-13C3-43BF-8830-D2A5E8C2E748}.Debug|x64.ActiveCfg = Debug|x64
		{B9C52925-13C3-43BF-8830-D2A5E8C2E748}.Debug|x64.Build.0 = Debug|x64
		{B9C52925-13C3-43BF-8830-D2A5E8C2E748}.Debug|x86.ActiveCfg = Debug|Win32
		{B9C52925-13C3-43BF-8830-D2A5E8C2E748}.Debug|x86.Build.0 = Debug|Win32
		{B9C52925-13C3-43BF-8830-D2A5E8C2E748}.Release|x64.ActiveCfg = Release|x64
		{B9C52925-13C3-43BF-8830-D2A5E8C2E748}.Release|x64.Build.0 = Release|x64
		{B9C52925-13C3-43BF-8830-D2A5E8C2E748}.Release|x86.ActiveCfg = Release|Win32
		{B9C52925-13C3-43BF-8830-D2A5E8C2E748}.Release|x86.Build.0 = Release|Win32
	EndGlobalSection
	GlobalSection(SolutionProperties) = preSolution
		HideSolutionNode = FALSE
	EndGlobalSection
	GlobalSection(ExtensibilityGlobals) = postSolution
		SolutionGuid = {17B39C76-7C45-43FC-8CDA-FF1812BDF6CA}
	EndGlobalSection
EndGlobal
