
Microsoft Visual Studio Solution File, Format Version 12.00
# Visual Studio Version 16
VisualStudioVersion = 16.0.31613.86
MinimumVisualStudioVersion = 10.0.40219.1
Project("{8BC9CEB8-8B4A-11D0-8D11-00A0C91BC942}") = "AFD", "AFD\AFD.vcxproj", "{EEC07958-B900-451A-9202-BC215DC8B966}"
EndProject
Global
	GlobalSection(SolutionConfigurationPlatforms) = preSolution
		Debug|x64 = Debug|x64
		Debug|x86 = Debug|x86
		Release|x64 = Release|x64
		Release|x86 = Release|x86
	EndGlobalSection
	GlobalSection(ProjectConfigurationPlatforms) = postSolution
		{EEC07958-B900-451A-9202-BC215DC8B966}.Debug|x64.ActiveCfg = Debug|x64
		{EEC07958-B900-451A-9202-BC215DC8B966}.Debug|x64.Build.0 = Debug|x64
		{EEC07958-B900-451A-9202-BC215DC8B966}.Debug|x86.ActiveCfg = Debug|Win32
		{EEC07958-B900-451A-9202-BC215DC8B966}.Debug|x86.Build.0 = Debug|Win32
		{EEC07958-B900-451A-9202-BC215DC8B966}.Release|x64.ActiveCfg = Release|x64
		{EEC07958-B900-451A-9202-BC215DC8B966}.Release|x64.Build.0 = Release|x64
		{EEC07958-B900-451A-9202-BC215DC8B966}.Release|x86.ActiveCfg = Release|Win32
		{EEC07958-B900-451A-9202-BC215DC8B966}.Release|x86.Build.0 = Release|Win32
	EndGlobalSection
	GlobalSection(SolutionProperties) = preSolution
		HideSolutionNode = FALSE
	EndGlobalSection
	GlobalSection(ExtensibilityGlobals) = postSolution
		SolutionGuid = {525EEFFC-4EB5-470C-9234-E1D005BB234A}
	EndGlobalSection
EndGlobal
