
Microsoft Visual Studio Solution File, Format Version 12.00
# Visual Studio Version 17
VisualStudioVersion = 17.1.32228.430
MinimumVisualStudioVersion = 10.0.40219.1
Project("{9A19103F-16F7-4668-BE54-9A1E7A4F7556}") = "Hotel-WPF", "Hotel-WPF\Hotel-WPF.csproj", "{25885325-0EC2-4358-9F27-9282A1EF7F4B}"
EndProject
Global
	GlobalSection(SolutionConfigurationPlatforms) = preSolution
		Debug|Any CPU = Debug|Any CPU
		Release|Any CPU = Release|Any CPU
	EndGlobalSection
	GlobalSection(ProjectConfigurationPlatforms) = postSolution
		{25885325-0EC2-4358-9F27-9282A1EF7F4B}.Debug|Any CPU.ActiveCfg = Debug|Any CPU
		{25885325-0EC2-4358-9F27-9282A1EF7F4B}.Debug|Any CPU.Build.0 = Debug|Any CPU
		{25885325-0EC2-4358-9F27-9282A1EF7F4B}.Release|Any CPU.ActiveCfg = Release|Any CPU
		{25885325-0EC2-4358-9F27-9282A1EF7F4B}.Release|Any CPU.Build.0 = Release|Any CPU
	EndGlobalSection
	GlobalSection(SolutionProperties) = preSolution
		HideSolutionNode = FALSE
	EndGlobalSection
	GlobalSection(ExtensibilityGlobals) = postSolution
		SolutionGuid = {84B53A4E-7A7D-41CE-AA71-D732D92396FE}
	EndGlobalSection
EndGlobal
