
Microsoft Visual Studio Solution File, Format Version 12.00
# Visual Studio Version 16
VisualStudioVersion = 16.0.30523.141
MinimumVisualStudioVersion = 10.0.40219.1
Project("{8BC9CEB8-8B4A-11D0-8D11-00A0C91BC942}") = "Project1", "Project1.vcxproj", "{D3A8CCD0-86A2-4F21-B2B2-EFE8E9989945}"
EndProject
Global
	GlobalSection(SolutionConfigurationPlatforms) = preSolution
		Debug|x64 = Debug|x64
		Debug|x86 = Debug|x86
		Release|x64 = Release|x64
		Release|x86 = Release|x86
	EndGlobalSection
	GlobalSection(ProjectConfigurationPlatforms) = postSolution
		{D3A8CCD0-86A2-4F21-B2B2-EFE8E9989945}.Debug|x64.ActiveCfg = Debug|x64
		{D3A8CCD0-86A2-4F21-B2B2-EFE8E9989945}.Debug|x64.Build.0 = Debug|x64
		{D3A8CCD0-86A2-4F21-B2B2-EFE8E9989945}.Debug|x86.ActiveCfg = Debug|Win32
		{D3A8CCD0-86A2-4F21-B2B2-EFE8E9989945}.Debug|x86.Build.0 = Debug|Win32
		{D3A8CCD0-86A2-4F21-B2B2-EFE8E9989945}.Release|x64.ActiveCfg = Release|x64
		{D3A8CCD0-86A2-4F21-B2B2-EFE8E9989945}.Release|x64.Build.0 = Release|x64
		{D3A8CCD0-86A2-4F21-B2B2-EFE8E9989945}.Release|x86.ActiveCfg = Release|Win32
		{D3A8CCD0-86A2-4F21-B2B2-EFE8E9989945}.Release|x86.Build.0 = Release|Win32
	EndGlobalSection
	GlobalSection(SolutionProperties) = preSolution
		HideSolutionNode = FALSE
	EndGlobalSection
	GlobalSection(ExtensibilityGlobals) = postSolution
		SolutionGuid = {5D9D0858-1CD7-4219-888A-497714133039}
	EndGlobalSection
EndGlobal
