
Microsoft Visual Studio Solution File, Format Version 12.00
# Visual Studio Version 17
VisualStudioVersion = 17.6.33723.286
MinimumVisualStudioVersion = 10.0.40219.1
Project("{FAE04EC0-301F-11D3-BF4B-00C04F79EFBC}") = "SingleRSample", "SingleRSample\SingleRSample.csproj", "{87524BE1-FDE7-4AF2-BB00-BFBD5081E300}"
EndProject
Global
	GlobalSection(SolutionConfigurationPlatforms) = preSolution
		Debug|Any CPU = Debug|Any CPU
		Release|Any CPU = Release|Any CPU
	EndGlobalSection
	GlobalSection(ProjectConfigurationPlatforms) = postSolution
		{87524BE1-FDE7-4AF2-BB00-BFBD5081E300}.Debug|Any CPU.ActiveCfg = Debug|Any CPU
		{87524BE1-FDE7-4AF2-BB00-BFBD5081E300}.Debug|Any CPU.Build.0 = Debug|Any CPU
		{87524BE1-FDE7-4AF2-BB00-BFBD5081E300}.Release|Any CPU.ActiveCfg = Release|Any CPU
		{87524BE1-FDE7-4AF2-BB00-BFBD5081E300}.Release|Any CPU.Build.0 = Release|Any CPU
	EndGlobalSection
	GlobalSection(SolutionProperties) = preSolution
		HideSolutionNode = FALSE
	EndGlobalSection
	GlobalSection(ExtensibilityGlobals) = postSolution
		SolutionGuid = {D14ED01B-E795-4134-A461-E40A38342EAC}
	EndGlobalSection
EndGlobal
