
Microsoft Visual Studio Solution File, Format Version 12.00
# Visual Studio Version 16
VisualStudioVersion = 16.0.31112.23
MinimumVisualStudioVersion = 10.0.40219.1
Project("{8BC9CEB8-8B4A-11D0-8D11-00A0C91BC942}") = "lectie", "lectie\lectie.vcxproj", "{5FA404FD-3B38-4248-8DF8-3211A028A9B7}"
EndProject
Global
	GlobalSection(SolutionConfigurationPlatforms) = preSolution
		Debug|x64 = Debug|x64
		Debug|x86 = Debug|x86
		Release|x64 = Release|x64
		Release|x86 = Release|x86
	EndGlobalSection
	GlobalSection(ProjectConfigurationPlatforms) = postSolution
		{5FA404FD-3B38-4248-8DF8-3211A028A9B7}.Debug|x64.ActiveCfg = Debug|x64
		{5FA404FD-3B38-4248-8DF8-3211A028A9B7}.Debug|x64.Build.0 = Debug|x64
		{5FA404FD-3B38-4248-8DF8-3211A028A9B7}.Debug|x86.ActiveCfg = Debug|Win32
		{5FA404FD-3B38-4248-8DF8-3211A028A9B7}.Debug|x86.Build.0 = Debug|Win32
		{5FA404FD-3B38-4248-8DF8-3211A028A9B7}.Release|x64.ActiveCfg = Release|x64
		{5FA404FD-3B38-4248-8DF8-3211A028A9B7}.Release|x64.Build.0 = Release|x64
		{5FA404FD-3B38-4248-8DF8-3211A028A9B7}.Release|x86.ActiveCfg = Release|Win32
		{5FA404FD-3B38-4248-8DF8-3211A028A9B7}.Release|x86.Build.0 = Release|Win32
	EndGlobalSection
	GlobalSection(SolutionProperties) = preSolution
		HideSolutionNode = FALSE
	EndGlobalSection
	GlobalSection(ExtensibilityGlobals) = postSolution
		SolutionGuid = {87AC99CD-3B9F-4C46-98C5-EBB3A05F203D}
	EndGlobalSection
EndGlobal
