
Microsoft Visual Studio Solution File, Format Version 12.00
# Visual Studio Version 16
VisualStudioVersion = 16.0.30413.136
MinimumVisualStudioVersion = 10.0.40219.1
Project("{8BC9CEB8-8B4A-11D0-8D11-00A0C91BC942}") = "Ex 4 Lab 4 Metoda 3", "Ex 4 Lab 4 Metoda 3.vcxproj", "{148F907F-208D-49E2-BABA-37B704D5367C}"
EndProject
Global
	GlobalSection(SolutionConfigurationPlatforms) = preSolution
		Debug|x64 = Debug|x64
		Debug|x86 = Debug|x86
		Release|x64 = Release|x64
		Release|x86 = Release|x86
	EndGlobalSection
	GlobalSection(ProjectConfigurationPlatforms) = postSolution
		{148F907F-208D-49E2-BABA-37B704D5367C}.Debug|x64.ActiveCfg = Debug|x64
		{148F907F-208D-49E2-BABA-37B704D5367C}.Debug|x64.Build.0 = Debug|x64
		{148F907F-208D-49E2-BABA-37B704D5367C}.Debug|x86.ActiveCfg = Debug|Win32
		{148F907F-208D-49E2-BABA-37B704D5367C}.Debug|x86.Build.0 = Debug|Win32
		{148F907F-208D-49E2-BABA-37B704D5367C}.Release|x64.ActiveCfg = Release|x64
		{148F907F-208D-49E2-BABA-37B704D5367C}.Release|x64.Build.0 = Release|x64
		{148F907F-208D-49E2-BABA-37B704D5367C}.Release|x86.ActiveCfg = Release|Win32
		{148F907F-208D-49E2-BABA-37B704D5367C}.Release|x86.Build.0 = Release|Win32
	EndGlobalSection
	GlobalSection(SolutionProperties) = preSolution
		HideSolutionNode = FALSE
	EndGlobalSection
	GlobalSection(ExtensibilityGlobals) = postSolution
		SolutionGuid = {7E754F9E-51F0-4E90-97AE-8DEAD96350AE}
	EndGlobalSection
EndGlobal
